
Microsoft Visual Studio Solution File, Format Version 12.00
# Visual Studio Version 17
VisualStudioVersion = 17.4.33205.214
MinimumVisualStudioVersion = 10.0.40219.1
Project("{FAE04EC0-301F-11D3-BF4B-00C04F79EFBC}") = "ScitaniLidu", "ScitaniLidu\ScitaniLidu.csproj", "{616B50DD-FE0A-4B46-9FCF-6805FABD5655}"
EndProject
Global
	GlobalSection(SolutionConfigurationPlatforms) = preSolution
		Debug|Any CPU = Debug|Any CPU
		Release|Any CPU = Release|Any CPU
	EndGlobalSection
	GlobalSection(ProjectConfigurationPlatforms) = postSolution
		{616B50DD-FE0A-4B46-9FCF-6805FABD5655}.Debug|Any CPU.ActiveCfg = Debug|Any CPU
		{616B50DD-FE0A-4B46-9FCF-6805FABD5655}.Debug|Any CPU.Build.0 = Debug|Any CPU
		{616B50DD-FE0A-4B46-9FCF-6805FABD5655}.Release|Any CPU.ActiveCfg = Release|Any CPU
		{616B50DD-FE0A-4B46-9FCF-6805FABD5655}.Release|Any CPU.Build.0 = Release|Any CPU
	EndGlobalSection
	GlobalSection(SolutionProperties) = preSolution
		HideSolutionNode = FALSE
	EndGlobalSection
	GlobalSection(ExtensibilityGlobals) = postSolution
		SolutionGuid = {5A9709C0-2674-4FC7-86E5-9FBDD99D52A2}
	EndGlobalSection
EndGlobal
